
Microsoft Visual Studio Solution File, Format Version 12.00
# Visual Studio Version 17
VisualStudioVersion = 17.9.34728.123
MinimumVisualStudioVersion = 10.0.40219.1
Project("{FAE04EC0-301F-11D3-BF4B-00C04F79EFBC}") = "SmartSafeProject", "SmartSafeProject\SmartSafeProject.csproj", "{BDF067AC-0F5C-4139-9CBF-54B973B67BEB}"
EndProject
Global
	GlobalSection(SolutionConfigurationPlatforms) = preSolution
		Debug|Any CPU = Debug|Any CPU
		Debug|x64 = Debug|x64
		Release|Any CPU = Release|Any CPU
		Release|x64 = Release|x64
	EndGlobalSection
	GlobalSection(ProjectConfigurationPlatforms) = postSolution
		{BDF067AC-0F5C-4139-9CBF-54B973B67BEB}.Debug|Any CPU.ActiveCfg = Debug|Any CPU
		{BDF067AC-0F5C-4139-9CBF-54B973B67BEB}.Debug|Any CPU.Build.0 = Debug|Any CPU
		{BDF067AC-0F5C-4139-9CBF-54B973B67BEB}.Debug|x64.ActiveCfg = Debug|x64
		{BDF067AC-0F5C-4139-9CBF-54B973B67BEB}.Debug|x64.Build.0 = Debug|x64
		{BDF067AC-0F5C-4139-9CBF-54B973B67BEB}.Release|Any CPU.ActiveCfg = Release|Any CPU
		{BDF067AC-0F5C-4139-9CBF-54B973B67BEB}.Release|Any CPU.Build.0 = Release|Any CPU
		{BDF067AC-0F5C-4139-9CBF-54B973B67BEB}.Release|x64.ActiveCfg = Release|x64
		{BDF067AC-0F5C-4139-9CBF-54B973B67BEB}.Release|x64.Build.0 = Release|x64
	EndGlobalSection
	GlobalSection(SolutionProperties) = preSolution
		HideSolutionNode = FALSE
	EndGlobalSection
	GlobalSection(ExtensibilityGlobals) = postSolution
		SolutionGuid = {EDB755E2-D8EB-45DC-B9C8-247C5401E556}
	EndGlobalSection
EndGlobal
